// !$*UTF8*$!
{
	archiveVersion = 1;
	classes = {
	};
	objectVersion = 48;
	objects = {

/* Begin PBXBuildFile section */
		5F2F48901FE25A4000FAFDAE /* AppDelegate.swift in Sources */ = {isa = PBXBuildFile; fileRef = 5F2F488F1FE25A4000FAFDAE /* AppDelegate.swift */; };
		5F2F48921FE25A4100FAFDAE /* ViewController.swift in Sources */ = {isa = PBXBuildFile; fileRef = 5F2F48911FE25A4100FAFDAE /* ViewController.swift */; };
		5F2F48951FE25A4100FAFDAE /* Main.storyboard in Resources */ = {isa = PBXBuildFile; fileRef = 5F2F48931FE25A4100FAFDAE /* Main.storyboard */; };
		5F2F48971FE25A4100FAFDAE /* Assets.xcassets in Resources */ = {isa = PBXBuildFile; fileRef = 5F2F48961FE25A4100FAFDAE /* Assets.xcassets */; };
		5F2F489A1FE25A4100FAFDAE /* LaunchScreen.storyboard in Resources */ = {isa = PBXBuildFile; fileRef = 5F2F48981FE25A4100FAFDAE /* LaunchScreen.storyboard */; };
		5F2F48A51FE25A4100FAFDAE /* Swift_10Tests.swift in Sources */ = {isa = PBXBuildFile; fileRef = 5F2F48A41FE25A4100FAFDAE /* Swift_10Tests.swift */; };
		5F2F48B01FE25A4100FAFDAE /* Swift_10UITests.swift in Sources */ = {isa = PBXBuildFile; fileRef = 5F2F48AF1FE25A4100FAFDAE /* Swift_10UITests.swift */; };
		5F330BB51FECEB3C00ED5F6A /* CC_ViewController.swift in Sources */ = {isa = PBXBuildFile; fileRef = 5F330BB41FECEB3C00ED5F6A /* CC_ViewController.swift */; };
/* End PBXBuildFile section */

/* Begin PBXContainerItemProxy section */
		5F2F48A11FE25A4100FAFDAE /* PBXContainerItemProxy */ = {
			isa = PBXContainerItemProxy;
			containerPortal = 5F2F48841FE25A4000FAFDAE /* Project object */;
			proxyType = 1;
			remoteGlobalIDString = 5F2F488B1FE25A4000FAFDAE;
			remoteInfo = Swift_10;
		};
		5F2F48AC1FE25A4100FAFDAE /* PBXContainerItemProxy */ = {
			isa = PBXContainerItemProxy;
			containerPortal = 5F2F48841FE25A4000FAFDAE /* Project object */;
			proxyType = 1;
			remoteGlobalIDString = 5F2F488B1FE25A4000FAFDAE;
			remoteInfo = Swift_10;
		};
/* End PBXContainerItemProxy section */

/* Begin PBXFileReference section */
		5F2F488C1FE25A4000FAFDAE /* Swift_10.app */ = {isa = PBXFileReference; explicitFileType = wrapper.application; includeInIndex = 0; path = Swift_10.app; sourceTree = BUILT_PRODUCTS_DIR; };
		5F2F488F1FE25A4000FAFDAE /* AppDelegate.swift */ = {isa = PBXFileReference; lastKnownFileType = sourcecode.swift; path = AppDelegate.swift; sourceTree = "<group>"; };
		5F2F48911FE25A4100FAFDAE /* ViewController.swift */ = {isa = PBXFileReference; lastKnownFileType = sourcecode.swift; path = ViewController.swift; sourceTree = "<group>"; };
		5F2F48941FE25A4100FAFDAE /* Base */ = {isa = PBXFileReference; lastKnownFileType = file.storyboard; name = Base; path = Base.lproj/Main.storyboard; sourceTree = "<group>"; };
		5F2F48961FE25A4100FAFDAE /* Assets.xcassets */ = {isa = PBXFileReference; lastKnownFileType = folder.assetcatalog; path = Assets.xcassets; sourceTree = "<group>"; };
		5F2F48991FE25A4100FAFDAE /* Base */ = {isa = PBXFileReference; lastKnownFileType = file.storyboard; name = Base; path = Base.lproj/LaunchScreen.storyboard; sourceTree = "<group>"; };
		5F2F489B1FE25A4100FAFDAE /* Info.plist */ = {isa = PBXFileReference; lastKnownFileType = text.plist.xml; path = Info.plist; sourceTree = "<group>"; };
		5F2F48A01FE25A4100FAFDAE /* Swift_10Tests.xctest */ = {isa = PBXFileReference; explicitFileType = wrapper.cfbundle; includeInIndex = 0; path = Swift_10Tests.xctest; sourceTree = BUILT_PRODUCTS_DIR; };
		5F2F48A41FE25A4100FAFDAE /* Swift_10Tests.swift */ = {isa = PBXFileReference; lastKnownFileType = sourcecode.swift; path = Swift_10Tests.swift; sourceTree = "<group>"; };
		5F2F48A61FE25A4100FAFDAE /* Info.plist */ = {isa = PBXFileReference; lastKnownFileType = text.plist.xml; path = Info.plist; sourceTree = "<group>"; };
		5F2F48AB1FE25A4100FAFDAE /* Swift_10UITests.xctest */ = {isa = PBXFileReference; explicitFileType = wrapper.cfbundle; includeInIndex = 0; path = Swift_10UITests.xctest; sourceTree = BUILT_PRODUCTS_DIR; };
		5F2F48AF1FE25A4100FAFDAE /* Swift_10UITests.swift */ = {isa = PBXFileReference; lastKnownFileType = sourcecode.swift; path = Swift_10UITests.swift; sourceTree = "<group>"; };
		5F2F48B11FE25A4100FAFDAE /* Info.plist */ = {isa = PBXFileReference; lastKnownFileType = text.plist.xml; path = Info.plist; sourceTree = "<group>"; };
		5F330BB41FECEB3C00ED5F6A /* CC_ViewController.swift */ = {isa = PBXFileReference; lastKnownFileType = sourcecode.swift; path = CC_ViewController.swift; sourceTree = "<group>"; };
/* End PBXFileReference section */

/* Begin PBXFrameworksBuildPhase section */
		5F2F48891FE25A4000FAFDAE /* Frameworks */ = {
			isa = PBXFrameworksBuildPhase;
			buildActionMask = 2147483647;
			files = (
			);
			runOnlyForDeploymentPostprocessing = 0;
		};
		5F2F489D1FE25A4100FAFDAE /* Frameworks */ = {
			isa = PBXFrameworksBuildPhase;
			buildActionMask = 2147483647;
			files = (
			);
			runOnlyForDeploymentPostprocessing = 0;
		};
		5F2F48A81FE25A4100FAFDAE /* Frameworks */ = {
			isa = PBXFrameworksBuildPhase;
			buildActionMask = 2147483647;
			files = (
			);
			runOnlyForDeploymentPostprocessing = 0;
		};
/* End PBXFrameworksBuildPhase section */

/* Begin PBXGroup section */
		5F2F48831FE25A4000FAFDAE = {
			isa = PBXGroup;
			children = (
				5F2F488E1FE25A4000FAFDAE /* Swift_10 */,
				5F2F48A31FE25A4100FAFDAE /* Swift_10Tests */,
				5F2F48AE1FE25A4100FAFDAE /* Swift_10UITests */,
				5F2F488D1FE25A4000FAFDAE /* Products */,
			);
			sourceTree = "<group>";
		};
		5F2F488D1FE25A4000FAFDAE /* Products */ = {
			isa = PBXGroup;
			children = (
				5F2F488C1FE25A4000FAFDAE /* Swift_10.app */,
				5F2F48A01FE25A4100FAFDAE /* Swift_10Tests.xctest */,
				5F2F48AB1FE25A4100FAFDAE /* Swift_10UITests.xctest */,
			);
			name = Products;
			sourceTree = "<group>";
		};
		5F2F488E1FE25A4000FAFDAE /* Swift_10 */ = {
			isa = PBXGroup;
			children = (
				5F2F488F1FE25A4000FAFDAE /* AppDelegate.swift */,
				5F2F48911FE25A4100FAFDAE /* ViewController.swift */,
				5F330BB41FECEB3C00ED5F6A /* CC_ViewController.swift */,
				5F2F48931FE25A4100FAFDAE /* Main.storyboard */,
				5F2F48961FE25A4100FAFDAE /* Assets.xcassets */,
				5F2F48981FE25A4100FAFDAE /* LaunchScreen.storyboard */,
				5F2F489B1FE25A4100FAFDAE /* Info.plist */,
			);
			path = Swift_10;
			sourceTree = "<group>";
		};
		5F2F48A31FE25A4100FAFDAE /* Swift_10Tests */ = {
			isa = PBXGroup;
			children = (
				5F2F48A41FE25A4100FAFDAE /* Swift_10Tests.swift */,
				5F2F48A61FE25A4100FAFDAE /* Info.plist */,
			);
			path = Swift_10Tests;
			sourceTree = "<group>";
		};
		5F2F48AE1FE25A4100FAFDAE /* Swift_10UITests */ = {
			isa = PBXGroup;
			children = (
				5F2F48AF1FE25A4100FAFDAE /* Swift_10UITests.swift */,
				5F2F48B11FE25A4100FAFDAE /* Info.plist */,
			);
			path = Swift_10UITests;
			sourceTree = "<group>";
		};
/* End PBXGroup section */

/* Begin PBXNativeTarget section */
		5F2F488B1FE25A4000FAFDAE /* Swift_10 */ = {
			isa = PBXNativeTarget;
			buildConfigurationList = 5F2F48B41FE25A4100FAFDAE /* Build configuration list for PBXNativeTarget "Swift_10" */;
			buildPhases = (
				5F2F48881FE25A4000FAFDAE /* Sources */,
				5F2F48891FE25A4000FAFDAE /* Frameworks */,
				5F2F488A1FE25A4000FAFDAE /* Resources */,
			);
			buildRules = (
			);
			dependencies = (
			);
			name = Swift_10;
			productName = Swift_10;
			productReference = 5F2F488C1FE25A4000FAFDAE /* Swift_10.app */;
			productType = "com.apple.product-type.application";
		};
		5F2F489F1FE25A4100FAFDAE /* Swift_10Tests */ = {
			isa = PBXNativeTarget;
			buildConfigurationList = 5F2F48B71FE25A4100FAFDAE /* Build configuration list for PBXNativeTarget "Swift_10Tests" */;
			buildPhases = (
				5F2F489C1FE25A4100FAFDAE /* Sources */,
				5F2F489D1FE25A4100FAFDAE /* Frameworks */,
				5F2F489E1FE25A4100FAFDAE /* Resources */,
			);
			buildRules = (
			);
			dependencies = (
				5F2F48A21FE25A4100FAFDAE /* PBXTargetDependency */,
			);
			name = Swift_10Tests;
			productName = Swift_10Tests;
			productReference = 5F2F48A01FE25A4100FAFDAE /* Swift_10Tests.xctest */;
			productType = "com.apple.product-type.bundle.unit-test";
		};
		5F2F48AA1FE25A4100FAFDAE /* Swift_10UITests */ = {
			isa = PBXNativeTarget;
			buildConfigurationList = 5F2F48BA1FE25A4100FAFDAE /* Build configuration list for PBXNativeTarget "Swift_10UITests" */;
			buildPhases = (
				5F2F48A71FE25A4100FAFDAE /* Sources */,
				5F2F48A81FE25A4100FAFDAE /* Frameworks */,
				5F2F48A91FE25A4100FAFDAE /* Resources */,
			);
			buildRules = (
			);
			dependencies = (
				5F2F48AD1FE25A4100FAFDAE /* PBXTargetDependency */,
			);
			name = Swift_10UITests;
			productName = Swift_10UITests;
			productReference = 5F2F48AB1FE25A4100FAFDAE /* Swift_10UITests.xctest */;
			productType = "com.apple.product-type.bundle.ui-testing";
		};
/* End PBXNativeTarget section */

/* Begin PBXProject section */
		5F2F48841FE25A4000FAFDAE /* Project object */ = {
			isa = PBXProject;
			attributes = {
				LastSwiftUpdateCheck = 0900;
				LastUpgradeCheck = 0900;
				ORGANIZATIONNAME = "陈孟迪";
				TargetAttributes = {
					5F2F488B1FE25A4000FAFDAE = {
						CreatedOnToolsVersion = 9.0;
						ProvisioningStyle = Automatic;
					};
					5F2F489F1FE25A4100FAFDAE = {
						CreatedOnToolsVersion = 9.0;
						ProvisioningStyle = Automatic;
						TestTargetID = 5F2F488B1FE25A4000FAFDAE;
					};
					5F2F48AA1FE25A4100FAFDAE = {
						CreatedOnToolsVersion = 9.0;
						ProvisioningStyle = Automatic;
						TestTargetID = 5F2F488B1FE25A4000FAFDAE;
					};
				};
			};
			buildConfigurationList = 5F2F48871FE25A4000FAFDAE /* Build configuration list for PBXProject "Swift_10" */;
			compatibilityVersion = "Xcode 8.0";
			developmentRegion = en;
			hasScannedForEncodings = 0;
			knownRegions = (
				en,
				Base,
			);
			mainGroup = 5F2F48831FE25A4000FAFDAE;
			productRefGroup = 5F2F488D1FE25A4000FAFDAE /* Products */;
			projectDirPath = "";
			projectRoot = "";
			targets = (
				5F2F488B1FE25A4000FAFDAE /* Swift_10 */,
				5F2F489F1FE25A4100FAFDAE /* Swift_10Tests */,
				5F2F48AA1FE25A4100FAFDAE /* Swift_10UITests */,
			);
		};
/* End PBXProject section */

/* Begin PBXResourcesBuildPhase section */
		5F2F488A1FE25A4000FAFDAE /* Resources */ = {
			isa = PBXResourcesBuildPhase;
			buildActionMask = 2147483647;
			files = (
				5F2F489A1FE25A4100FAFDAE /* LaunchScreen.storyboard in Resources */,
				5F2F48971FE25A4100FAFDAE /* Assets.xcassets in Resources */,
				5F2F48951FE25A4100FAFDAE /* Main.storyboard in Resources */,
			);
			runOnlyForDeploymentPostprocessing = 0;
		};
		5F2F489E1FE25A4100FAFDAE /* Resources */ = {
			isa = PBXResourcesBuildPhase;
			buildActionMask = 2147483647;
			files = (
			);
			runOnlyForDeploymentPostprocessing = 0;
		};
		5F2F48A91FE25A4100FAFDAE /* Resources */ = {
			isa = PBXResourcesBuildPhase;
			buildActionMask = 2147483647;
			files = (
			);
			runOnlyForDeploymentPostprocessing = 0;
		};
/* End PBXResourcesBuildPhase section */

/* Begin PBXSourcesBuildPhase section */
		5F2F48881FE25A4000FAFDAE /* Sources */ = {
			isa = PBXSourcesBuildPhase;
			buildActionMask = 2147483647;
			files = (
				5F2F48921FE25A4100FAFDAE /* ViewController.swift in Sources */,
				5F330BB51FECEB3C00ED5F6A /* CC_ViewController.swift in Sources */,
				5F2F48901FE25A4000FAFDAE /* AppDelegate.swift in Sources */,
			);
			runOnlyForDeploymentPostprocessing = 0;
		};
		5F2F489C1FE25A4100FAFDAE /* Sources */ = {
			isa = PBXSourcesBuildPhase;
			buildActionMask = 2147483647;
			files = (
				5F2F48A51FE25A4100FAFDAE /* Swift_10Tests.swift in Sources */,
			);
			runOnlyForDeploymentPostprocessing = 0;
		};
		5F2F48A71FE25A4100FAFDAE /* Sources */ = {
			isa = PBXSourcesBuildPhase;
			buildActionMask = 2147483647;
			files = (
				5F2F48B01FE25A4100FAFDAE /* Swift_10UITests.swift in Sources */,
			);
			runOnlyForDeploymentPostprocessing = 0;
		};
/* End PBXSourcesBuildPhase section */

/* Begin PBXTargetDependency section */
		5F2F48A21FE25A4100FAFDAE /* PBXTargetDependency */ = {
			isa = PBXTargetDependency;
			target = 5F2F488B1FE25A4000FAFDAE /* Swift_10 */;
			targetProxy = 5F2F48A11FE25A4100FAFDAE /* PBXContainerItemProxy */;
		};
		5F2F48AD1FE25A4100FAFDAE /* PBXTargetDependency */ = {
			isa = PBXTargetDependency;
			target = 5F2F488B1FE25A4000FAFDAE /* Swift_10 */;
			targetProxy = 5F2F48AC1FE25A4100FAFDAE /* PBXContainerItemProxy */;
		};
/* End PBXTargetDependency section */

/* Begin PBXVariantGroup section */
		5F2F48931FE25A4100FAFDAE /* Main.storyboard */ = {
			isa = PBXVariantGroup;
			children = (
				5F2F48941FE25A4100FAFDAE /* Base */,
			);
			name = Main.storyboard;
			sourceTree = "<group>";
		};
		5F2F48981FE25A4100FAFDAE /* LaunchScreen.storyboard */ = {
			isa = PBXVariantGroup;
			children = (
				5F2F48991FE25A4100FAFDAE /* Base */,
			);
			name = LaunchScreen.storyboard;
			sourceTree = "<group>";
		};
/* End PBXVariantGroup section */

/* Begin XCBuildConfiguration section */
		5F2F48B21FE25A4100FAFDAE /* Debug */ = {
			isa = XCBuildConfiguration;
			buildSettings = {
				ALWAYS_SEARCH_USER_PATHS = NO;
				CLANG_ANALYZER_NONNULL = YES;
				CLANG_ANALYZER_NUMBER_OBJECT_CONVERSION = YES_AGGRESSIVE;
				CLANG_CXX_LANGUAGE_STANDARD = "gnu++14";
				CLANG_CXX_LIBRARY = "libc++";
				CLANG_ENABLE_MODULES = YES;
				CLANG_ENABLE_OBJC_ARC = YES;
				CLANG_WARN_BLOCK_CAPTURE_AUTORELEASING = YES;
				CLANG_WARN_BOOL_CONVERSION = YES;
				CLANG_WARN_COMMA = YES;
				CLANG_WARN_CONSTANT_CONVERSION = YES;
				CLANG_WARN_DIRECT_OBJC_ISA_USAGE = YES_ERROR;
				CLANG_WARN_DOCUMENTATION_COMMENTS = YES;
				CLANG_WARN_EMPTY_BODY = YES;
				CLANG_WARN_ENUM_CONVERSION = YES;
				CLANG_WARN_INFINITE_RECURSION = YES;
				CLANG_WARN_INT_CONVERSION = YES;
				CLANG_WARN_NON_LITERAL_NULL_CONVERSION = YES;
				CLANG_WARN_OBJC_LITERAL_CONVERSION = YES;
				CLANG_WARN_OBJC_ROOT_CLASS = YES_ERROR;
				CLANG_WARN_RANGE_LOOP_ANALYSIS = YES;
				CLANG_WARN_STRICT_PROTOTYPES = YES;
				CLANG_WARN_SUSPICIOUS_MOVE = YES;
				CLANG_WARN_UNGUARDED_AVAILABILITY = YES_AGGRESSIVE;
				CLANG_WARN_UNREACHABLE_CODE = YES;
				CLANG_WARN__DUPLICATE_METHOD_MATCH = YES;
				CODE_SIGN_IDENTITY = "iPhone Developer";
				COPY_PHASE_STRIP = NO;
				DEBUG_INFORMATION_FORMAT = dwarf;
				ENABLE_STRICT_OBJC_MSGSEND = YES;
				ENABLE_TESTABILITY = YES;
				GCC_C_LANGUAGE_STANDARD = gnu11;
				GCC_DYNAMIC_NO_PIC = NO;
				GCC_NO_COMMON_BLOCKS = YES;
				GCC_OPTIMIZATION_LEVEL = 0;
				GCC_PREPROCESSOR_DEFINITIONS = (
					"DEBUG=1",
					"$(inherited)",
				);
				GCC_WARN_64_TO_32_BIT_CONVERSION = YES;
				GCC_WARN_ABOUT_RETURN_TYPE = YES_ERROR;
				GCC_WARN_UNDECLARED_SELECTOR = YES;
				GCC_WARN_UNINITIALIZED_AUTOS = YES_AGGRESSIVE;
				GCC_WARN_UNUSED_FUNCTION = YES;
				GCC_WARN_UNUSED_VARIABLE = YES;
				IPHONEOS_DEPLOYMENT_TARGET = 11.0;
				MTL_ENABLE_DEBUG_INFO = YES;
				ONLY_ACTIVE_ARCH = YES;
				SDKROOT = iphoneos;
				SWIFT_ACTIVE_COMPILATION_CONDITIONS = DEBUG;
				SWIFT_OPTIMIZATION_LEVEL = "-Onone";
			};
			name = Debug;
		};
		5F2F48B31FE25A4100FAFDAE /* Release */ = {
			isa = XCBuildConfiguration;
			buildSettings = {
				ALWAYS_SEARCH_USER_PATHS = NO;
				CLANG_ANALYZER_NONNULL = YES;
				CLANG_ANALYZER_NUMBER_OBJECT_CONVERSION = YES_AGGRESSIVE;
				CLANG_CXX_LANGUAGE_STANDARD = "gnu++14";
				CLANG_CXX_LIBRARY = "libc++";
				CLANG_ENABLE_MODULES = YES;
				CLANG_ENABLE_OBJC_ARC = YES;
				CLANG_WARN_BLOCK_CAPTURE_AUTORELEASING = YES;
				CLANG_WARN_BOOL_CONVERSION = YES;
				CLANG_WARN_COMMA = YES;
				CLANG_WARN_CONSTANT_CONVERSION = YES;
				CLANG_WARN_DIRECT_OBJC_ISA_USAGE = YES_ERROR;
				CLANG_WARN_DOCUMENTATION_COMMENTS = YES;
				CLANG_WARN_EMPTY_BODY = YES;
				CLANG_WARN_ENUM_CONVERSION = YES;
				CLANG_WARN_INFINITE_RECURSION = YES;
				CLANG_WARN_INT_CONVERSION = YES;
				CLANG_WARN_NON_LITERAL_NULL_CONVERSION = YES;
				CLANG_WARN_OBJC_LITERAL_CONVERSION = YES;
				CLANG_WARN_OBJC_ROOT_CLASS = YES_ERROR;
				CLANG_WARN_RANGE_LOOP_ANALYSIS = YES;
				CLANG_WARN_STRICT_PROTOTYPES = YES;
				CLANG_WARN_SUSPICIOUS_MOVE = YES;
				CLANG_WARN_UNGUARDED_AVAILABILITY = YES_AGGRESSIVE;
				CLANG_WARN_UNREACHABLE_CODE = YES;
				CLANG_WARN__DUPLICATE_METHOD_MATCH = YES;
				CODE_SIGN_IDENTITY = "iPhone Developer";
				COPY_PHASE_STRIP = NO;
				DEBUG_INFORMATION_FORMAT = "dwarf-with-dsym";
				ENABLE_NS_ASSERTIONS = NO;
				ENABLE_STRICT_OBJC_MSGSEND = YES;
				GCC_C_LANGUAGE_STANDARD = gnu11;
				GCC_NO_COMMON_BLOCKS = YES;
				GCC_WARN_64_TO_32_BIT_CONVERSION = YES;
				GCC_WARN_ABOUT_RETURN_TYPE = YES_ERROR;
				GCC_WARN_UNDECLARED_SELECTOR = YES;
				GCC_WARN_UNINITIALIZED_AUTOS = YES_AGGRESSIVE;
				GCC_WARN_UNUSED_FUNCTION = YES;
				GCC_WARN_UNUSED_VARIABLE = YES;
				IPHONEOS_DEPLOYMENT_TARGET = 11.0;
				MTL_ENABLE_DEBUG_INFO = NO;
				SDKROOT = iphoneos;
				SWIFT_OPTIMIZATION_LEVEL = "-Owholemodule";
				VALIDATE_PRODUCT = YES;
			};
			name = Release;
		};
		5F2F48B51FE25A4100FAFDAE /* Debug */ = {
			isa = XCBuildConfiguration;
			buildSettings = {
				ASSETCATALOG_COMPILER_APPICON_NAME = AppIcon;
				CODE_SIGN_STYLE = Automatic;
				DEVELOPMENT_TEAM = 99BHKCM7DV;
				INFOPLIST_FILE = Swift_10/Info.plist;
				LD_RUNPATH_SEARCH_PATHS = "$(inherited) @executable_path/Frameworks";
				PRODUCT_BUNDLE_IDENTIFIER = "com.Swift-10";
				PRODUCT_NAME = "$(TARGET_NAME)";
				SWIFT_VERSION = 4.0;
				TARGETED_DEVICE_FAMILY = "1,2";
			};
			name = Debug;
		};
		5F2F48B61FE25A4100FAFDAE /* Release */ = {
			isa = XCBuildConfiguration;
			buildSettings = {
				ASSETCATALOG_COMPILER_APPICON_NAME = AppIcon;
				CODE_SIGN_STYLE = Automatic;
				DEVELOPMENT_TEAM = 99BHKCM7DV;
				INFOPLIST_FILE = Swift_10/Info.plist;
				LD_RUNPATH_SEARCH_PATHS = "$(inherited) @executable_path/Frameworks";
				PRODUCT_BUNDLE_IDENTIFIER = "com.Swift-10";
				PRODUCT_NAME = "$(TARGET_NAME)";
				SWIFT_VERSION = 4.0;
				TARGETED_DEVICE_FAMILY = "1,2";
			};
			name = Release;
		};
		5F2F48B81FE25A4100FAFDAE /* Debug */ = {
			isa = XCBuildConfiguration;
			buildSettings = {
				ALWAYS_EMBED_SWIFT_STANDARD_LIBRARIES = YES;
				BUNDLE_LOADER = "$(TEST_HOST)";
				CODE_SIGN_STYLE = Automatic;
				INFOPLIST_FILE = Swift_10Tests/Info.plist;
				LD_RUNPATH_SEARCH_PATHS = "$(inherited) @executable_path/Frameworks @loader_path/Frameworks";
				PRODUCT_BUNDLE_IDENTIFIER = "com.Swift-10Tests";
				PRODUCT_NAME = "$(TARGET_NAME)";
				SWIFT_VERSION = 4.0;
				TARGETED_DEVICE_FAMILY = "1,2";
				TEST_HOST = "$(BUILT_PRODUCTS_DIR)/Swift_10.app/Swift_10";
			};
			name = Debug;
		};
		5F2F48B91FE25A4100FAFDAE /* Release */ = {
			isa = XCBuildConfiguration;
			buildSettings = {
				ALWAYS_EMBED_SWIFT_STANDARD_LIBRARIES = YES;
				BUNDLE_LOADER = "$(TEST_HOST)";
				CODE_SIGN_STYLE = Automatic;
				INFOPLIST_FILE = Swift_10Tests/Info.plist;
				LD_RUNPATH_SEARCH_PATHS = "$(inherited) @executable_path/Frameworks @loader_path/Frameworks";
				PRODUCT_BUNDLE_IDENTIFIER = "com.Swift-10Tests";
				PRODUCT_NAME = "$(TARGET_NAME)";
				SWIFT_VERSION = 4.0;
				TARGETED_DEVICE_FAMILY = "1,2";
				TEST_HOST = "$(BUILT_PRODUCTS_DIR)/Swift_10.app/Swift_10";
			};
			name = Release;
		};
		5F2F48BB1FE25A4100FAFDAE /* Debug */ = {
			isa = XCBuildConfiguration;
			buildSettings = {
				ALWAYS_EMBED_SWIFT_STANDARD_LIBRARIES = YES;
				CODE_SIGN_STYLE = Automatic;
				INFOPLIST_FILE = Swift_10UITests/Info.plist;
				LD_RUNPATH_SEARCH_PATHS = "$(inherited) @executable_path/Frameworks @loader_path/Frameworks";
				PRODUCT_BUNDLE_IDENTIFIER = "com.Swift-10UITests";
				PRODUCT_NAME = "$(TARGET_NAME)";
				SWIFT_VERSION = 4.0;
				TARGETED_DEVICE_FAMILY = "1,2";
				TEST_TARGET_NAME = Swift_10;
			};
			name = Debug;
		};
		5F2F48BC1FE25A4100FAFDAE /* Release */ = {
			isa = XCBuildConfiguration;
			buildSettings = {
				ALWAYS_EMBED_SWIFT_STANDARD_LIBRARIES = YES;
				CODE_SIGN_STYLE = Automatic;
				INFOPLIST_FILE = Swift_10UITests/Info.plist;
				LD_RUNPATH_SEARCH_PATHS = "$(inherited) @executable_path/Frameworks @loader_path/Frameworks";
				PRODUCT_BUNDLE_IDENTIFIER = "com.Swift-10UITests";
				PRODUCT_NAME = "$(TARGET_NAME)";
				SWIFT_VERSION = 4.0;
				TARGETED_DEVICE_FAMILY = "1,2";
				TEST_TARGET_NAME = Swift_10;
			};
			name = Release;
		};
/* End XCBuildConfiguration section */

/* Begin XCConfigurationList section */
		5F2F48871FE25A4000FAFDAE /* Build configuration list for PBXProject "Swift_10" */ = {
			isa = XCConfigurationList;
			buildConfigurations = (
				5F2F48B21FE25A4100FAFDAE /* Debug */,
				5F2F48B31FE25A4100FAFDAE /* Release */,
			);
			defaultConfigurationIsVisible = 0;
			defaultConfigurationName = Release;
		};
		5F2F48B41FE25A4100FAFDAE /* Build configuration list for PBXNativeTarget "Swift_10" */ = {
			isa = XCConfigurationList;
			buildConfigurations = (
				5F2F48B51FE25A4100FAFDAE /* Debug */,
				5F2F48B61FE25A4100FAFDAE /* Release */,
			);
			defaultConfigurationIsVisible = 0;
			defaultConfigurationName = Release;
		};
		5F2F48B71FE25A4100FAFDAE /* Build configuration list for PBXNativeTarget "Swift_10Tests" */ = {
			isa = XCConfigurationList;
			buildConfigurations = (
				5F2F48B81FE25A4100FAFDAE /* Debug */,
				5F2F48B91FE25A4100FAFDAE /* Release */,
			);
			defaultConfigurationIsVisible = 0;
			defaultConfigurationName = Release;
		};
		5F2F48BA1FE25A4100FAFDAE /* Build configuration list for PBXNativeTarget "Swift_10UITests" */ = {
			isa = XCConfigurationList;
			buildConfigurations = (
				5F2F48BB1FE25A4100FAFDAE /* Debug */,
				5F2F48BC1FE25A4100FAFDAE /* Release */,
			);
			defaultConfigurationIsVisible = 0;
			defaultConfigurationName = Release;
		};
/* End XCConfigurationList section */
	};
	rootObject = 5F2F48841FE25A4000FAFDAE /* Project object */;
}
